
Microsoft Visual Studio Solution File, Format Version 12.00
# Visual Studio Version 16
VisualStudioVersion = 16.0.34407.143
MinimumVisualStudioVersion = 10.0.40219.1
Project("{8BC9CEB8-8B4A-11D0-8D11-00A0C91BC942}") = "AVATAR", "AVATAR.vcxproj", "{541570E2-647B-42F5-B5E9-F6562C566058}"
EndProject
Project("{8BC9CEB8-8B4A-11D0-8D11-00A0C91BC942}") = "TITLE", "TITLE.vcxproj", "{D37DB019-9B37-47DC-879C-488D943D7E6D}"
EndProject
Project("{8BC9CEB8-8B4A-11D0-8D11-00A0C91BC942}") = "AVATAR (x64 DLL)", "AVATAR (x64 DLL).vcxproj", "{C4372462-DF13-43A5-9F02-4FE31BB08953}"
EndProject
Project("{8BC9CEB8-8B4A-11D0-8D11-00A0C91BC942}") = "TITLE (x64 DLL)", "TITLE (x64 DLL).vcxproj", "{0DF3CA98-0991-4544-A92B-D4BC0290D7CF}"
EndProject
Global
	GlobalSection(SolutionConfigurationPlatforms) = preSolution
		Debug|ARM = Debug|ARM
		Debug|ARM64 = Debug|ARM64
		Debug|x64 = Debug|x64
		Debug|x86 = Debug|x86
		Release|ARM = Release|ARM
		Release|ARM64 = Release|ARM64
		Release|x64 = Release|x64
		Release|x86 = Release|x86
	EndGlobalSection
	GlobalSection(ProjectConfigurationPlatforms) = postSolution
		{541570E2-647B-42F5-B5E9-F6562C566058}.Debug|ARM.ActiveCfg = Debug|ARM64
		{541570E2-647B-42F5-B5E9-F6562C566058}.Debug|ARM64.ActiveCfg = Debug|ARM64
		{541570E2-647B-42F5-B5E9-F6562C566058}.Debug|ARM64.Build.0 = Debug|ARM64
		{541570E2-647B-42F5-B5E9-F6562C566058}.Debug|x64.ActiveCfg = Debug|ARM64
		{541570E2-647B-42F5-B5E9-F6562C566058}.Debug|x86.ActiveCfg = Debug|ARM64
		{541570E2-647B-42F5-B5E9-F6562C566058}.Release|ARM.ActiveCfg = Release|ARM64
		{541570E2-647B-42F5-B5E9-F6562C566058}.Release|ARM64.ActiveCfg = Release|ARM64
		{541570E2-647B-42F5-B5E9-F6562C566058}.Release|ARM64.Build.0 = Release|ARM64
		{541570E2-647B-42F5-B5E9-F6562C566058}.Release|x64.ActiveCfg = Release|ARM64
		{541570E2-647B-42F5-B5E9-F6562C566058}.Release|x86.ActiveCfg = Release|ARM64
		{D37DB019-9B37-47DC-879C-488D943D7E6D}.Debug|ARM.ActiveCfg = Debug|ARM64
		{D37DB019-9B37-47DC-879C-488D943D7E6D}.Debug|ARM64.ActiveCfg = Debug|ARM64
		{D37DB019-9B37-47DC-879C-488D943D7E6D}.Debug|x64.ActiveCfg = Debug|ARM64
		{D37DB019-9B37-47DC-879C-488D943D7E6D}.Debug|x86.ActiveCfg = Debug|ARM64
		{D37DB019-9B37-47DC-879C-488D943D7E6D}.Release|ARM.ActiveCfg = Release|ARM64
		{D37DB019-9B37-47DC-879C-488D943D7E6D}.Release|ARM64.ActiveCfg = Release|ARM64
		{D37DB019-9B37-47DC-879C-488D943D7E6D}.Release|ARM64.Build.0 = Release|ARM64
		{D37DB019-9B37-47DC-879C-488D943D7E6D}.Release|x64.ActiveCfg = Release|ARM64
		{D37DB019-9B37-47DC-879C-488D943D7E6D}.Release|x86.ActiveCfg = Release|ARM64
		{C4372462-DF13-43A5-9F02-4FE31BB08953}.Debug|ARM.ActiveCfg = Debug|Win32
		{C4372462-DF13-43A5-9F02-4FE31BB08953}.Debug|ARM64.ActiveCfg = Debug|x64
		{C4372462-DF13-43A5-9F02-4FE31BB08953}.Debug|x64.ActiveCfg = Debug|x64
		{C4372462-DF13-43A5-9F02-4FE31BB08953}.Debug|x64.Build.0 = Debug|x64
		{C4372462-DF13-43A5-9F02-4FE31BB08953}.Debug|x86.ActiveCfg = Debug|Win32
		{C4372462-DF13-43A5-9F02-4FE31BB08953}.Debug|x86.Build.0 = Debug|Win32
		{C4372462-DF13-43A5-9F02-4FE31BB08953}.Release|ARM.ActiveCfg = Release|x64
		{C4372462-DF13-43A5-9F02-4FE31BB08953}.Release|ARM64.ActiveCfg = Release|x64
		{C4372462-DF13-43A5-9F02-4FE31BB08953}.Release|x64.ActiveCfg = Release|x64
		{C4372462-DF13-43A5-9F02-4FE31BB08953}.Release|x64.Build.0 = Release|x64
		{C4372462-DF13-43A5-9F02-4FE31BB08953}.Release|x86.ActiveCfg = Release|x64
		{0DF3CA98-0991-4544-A92B-D4BC0290D7CF}.Debug|ARM.ActiveCfg = Debug|x64
		{0DF3CA98-0991-4544-A92B-D4BC0290D7CF}.Debug|ARM64.ActiveCfg = Debug|x64
		{0DF3CA98-0991-4544-A92B-D4BC0290D7CF}.Debug|x64.ActiveCfg = Debug|x64
		{0DF3CA98-0991-4544-A92B-D4BC0290D7CF}.Debug|x64.Build.0 = Debug|x64
		{0DF3CA98-0991-4544-A92B-D4BC0290D7CF}.Debug|x86.ActiveCfg = Debug|x64
		{0DF3CA98-0991-4544-A92B-D4BC0290D7CF}.Release|ARM.ActiveCfg = Release|x64
		{0DF3CA98-0991-4544-A92B-D4BC0290D7CF}.Release|ARM64.ActiveCfg = Release|x64
		{0DF3CA98-0991-4544-A92B-D4BC0290D7CF}.Release|x64.ActiveCfg = Release|x64
		{0DF3CA98-0991-4544-A92B-D4BC0290D7CF}.Release|x64.Build.0 = Release|x64
		{0DF3CA98-0991-4544-A92B-D4BC0290D7CF}.Release|x86.ActiveCfg = Release|x64
	EndGlobalSection
	GlobalSection(SolutionProperties) = preSolution
		HideSolutionNode = FALSE
	EndGlobalSection
	GlobalSection(ExtensibilityGlobals) = postSolution
		SolutionGuid = {2615C51A-7671-4021-AA44-3E78578909D9}
	EndGlobalSection
EndGlobal
